
Microsoft Visual Studio Solution File, Format Version 12.00
# Visual Studio Version 17
VisualStudioVersion = 17.4.33213.308
MinimumVisualStudioVersion = 10.0.40219.1
Project("{FAE04EC0-301F-11D3-BF4B-00C04F79EFBC}") = "EvenNumbers", "EvenNumbers\EvenNumbers.csproj", "{B277DED5-87E3-49E9-A6A1-18272795E988}"
EndProject
Global
	GlobalSection(SolutionConfigurationPlatforms) = preSolution
		Debug|Any CPU = Debug|Any CPU
		Release|Any CPU = Release|Any CPU
	EndGlobalSection
	GlobalSection(ProjectConfigurationPlatforms) = postSolution
		{B277DED5-87E3-49E9-A6A1-18272795E988}.Debug|Any CPU.ActiveCfg = Debug|Any CPU
		{B277DED5-87E3-49E9-A6A1-18272795E988}.Debug|Any CPU.Build.0 = Debug|Any CPU
		{B277DED5-87E3-49E9-A6A1-18272795E988}.Release|Any CPU.ActiveCfg = Release|Any CPU
		{B277DED5-87E3-49E9-A6A1-18272795E988}.Release|Any CPU.Build.0 = Release|Any CPU
	EndGlobalSection
	GlobalSection(SolutionProperties) = preSolution
		HideSolutionNode = FALSE
	EndGlobalSection
	GlobalSection(ExtensibilityGlobals) = postSolution
		SolutionGuid = {3A33A09F-9AD9-4F0C-9E9D-A29F2478618F}
	EndGlobalSection
EndGlobal
